{
  "originHash" : "534932ee7dd3a1c172a9c3c83bf0d50293cf64180bb988636cd83005521f5dc9",
  "pins" : [
    {
      "identity" : "ffmpeg-ios",
      "kind" : "remoteSourceControl",
      "location" : "https://github.com/kewlbear/FFmpeg-iOS.git",
      "state" : {
        "revision" : "59c01fbba5a85005d4b624f77f6ad32d43a4d922",
        "version" : "0.0.5"
      }
    },
    {
      "identity" : "swift-argument-parser",
      "kind" : "remoteSourceControl",
      "location" : "https://github.com/apple/swift-argument-parser",
      "state" : {
        "revision" : "6b2aa2748a7881eebb9f84fb10c01293e15b52ca",
        "version" : "0.5.0"
      }
    },
    {
      "identity" : "tuskit",
      "kind" : "remoteSourceControl",
      "location" : "https://github.com/tus/TUSKit",
      "state" : {
        "revision" : "52cb37fa0cb46a91d0e384905e64e7556156ef8c",
        "version" : "3.7.0"
      }
    },
    {
      "identity" : "zipfoundation",
      "kind" : "remoteSourceControl",
      "location" : "https://github.com/weichsel/ZIPFoundation",
      "state" : {
        "revision" : "22787ffb59de99e5dc1fbfe80b19c97a904ad48d",
        "version" : "0.9.20"
      }
    }
  ],
  "version" : 3
}
